// !$*UTF8*$!
{
	archiveVersion = 1;
	classes = {
	};
	objectVersion = 55;
	objects = {

/* Begin PBXBuildFile section */
		8DD851B8281878E900E0D2DD /* AppDelegate.swift in Sources */ = {isa = PBXBuildFile; fileRef = 8DD851B7281878E900E0D2DD /* AppDelegate.swift */; };
		8DD851BA281878E900E0D2DD /* SceneDelegate.swift in Sources */ = {isa = PBXBuildFile; fileRef = 8DD851B9281878E900E0D2DD /* SceneDelegate.swift */; };
		8DD851BC281878E900E0D2DD /* ViewController.swift in Sources */ = {isa = PBXBuildFile; fileRef = 8DD851BB281878E900E0D2DD /* ViewController.swift */; };
		8DD851BF281878E900E0D2DD /* Main.storyboard in Resources */ = {isa = PBXBuildFile; fileRef = 8DD851BD281878E900E0D2DD /* Main.storyboard */; };
		8DD851C1281878EB00E0D2DD /* Assets.xcassets in Resources */ = {isa = PBXBuildFile; fileRef = 8DD851C0281878EB00E0D2DD /* Assets.xcassets */; };
		8DD851C4281878EB00E0D2DD /* LaunchScreen.storyboard in Resources */ = {isa = PBXBuildFile; fileRef = 8DD851C2281878EB00E0D2DD /* LaunchScreen.storyboard */; };
		8DD851CF281878EC00E0D2DD /* SimuliatorTests.swift in Sources */ = {isa = PBXBuildFile; fileRef = 8DD851CE281878EC00E0D2DD /* SimuliatorTests.swift */; };
		8DD851D9281878EC00E0D2DD /* SimuliatorUITests.swift in Sources */ = {isa = PBXBuildFile; fileRef = 8DD851D8281878EC00E0D2DD /* SimuliatorUITests.swift */; };
		8DD851DB281878EC00E0D2DD /* SimuliatorUITestsLaunchTests.swift in Sources */ = {isa = PBXBuildFile; fileRef = 8DD851DA281878EC00E0D2DD /* SimuliatorUITestsLaunchTests.swift */; };
/* End PBXBuildFile section */

/* Begin PBXContainerItemProxy section */
		8DD851CB281878EC00E0D2DD /* PBXContainerItemProxy */ = {
			isa = PBXContainerItemProxy;
			containerPortal = 8DD851AC281878E900E0D2DD /* Project object */;
			proxyType = 1;
			remoteGlobalIDString = 8DD851B3281878E900E0D2DD;
			remoteInfo = Simuliator;
		};
		8DD851D5281878EC00E0D2DD /* PBXContainerItemProxy */ = {
			isa = PBXContainerItemProxy;
			containerPortal = 8DD851AC281878E900E0D2DD /* Project object */;
			proxyType = 1;
			remoteGlobalIDString = 8DD851B3281878E900E0D2DD;
			remoteInfo = Simuliator;
		};
/* End PBXContainerItemProxy section */

/* Begin PBXFileReference section */
		8DD851B4281878E900E0D2DD /* Simuliator.app */ = {isa = PBXFileReference; explicitFileType = wrapper.application; includeInIndex = 0; path = Simuliator.app; sourceTree = BUILT_PRODUCTS_DIR; };
		8DD851B7281878E900E0D2DD /* AppDelegate.swift */ = {isa = PBXFileReference; lastKnownFileType = sourcecode.swift; path = AppDelegate.swift; sourceTree = "<group>"; };
		8DD851B9281878E900E0D2DD /* SceneDelegate.swift */ = {isa = PBXFileReference; lastKnownFileType = sourcecode.swift; path = SceneDelegate.swift; sourceTree = "<group>"; };
		8DD851BB281878E900E0D2DD /* ViewController.swift */ = {isa = PBXFileReference; lastKnownFileType = sourcecode.swift; path = ViewController.swift; sourceTree = "<group>"; };
		8DD851BE281878E900E0D2DD /* Base */ = {isa = PBXFileReference; lastKnownFileType = file.storyboard; name = Base; path = Base.lproj/Main.storyboard; sourceTree = "<group>"; };
		8DD851C0281878EB00E0D2DD /* Assets.xcassets */ = {isa = PBXFileReference; lastKnownFileType = folder.assetcatalog; path = Assets.xcassets; sourceTree = "<group>"; };
		8DD851C3281878EB00E0D2DD /* Base */ = {isa = PBXFileReference; lastKnownFileType = file.storyboard; name = Base; path = Base.lproj/LaunchScreen.storyboard; sourceTree = "<group>"; };
		8DD851C5281878EB00E0D2DD /* Info.plist */ = {isa = PBXFileReference; lastKnownFileType = text.plist.xml; path = Info.plist; sourceTree = "<group>"; };
		8DD851CA281878EC00E0D2DD /* SimuliatorTests.xctest */ = {isa = PBXFileReference; explicitFileType = wrapper.cfbundle; includeInIndex = 0; path = SimuliatorTests.xctest; sourceTree = BUILT_PRODUCTS_DIR; };
		8DD851CE281878EC00E0D2DD /* SimuliatorTests.swift */ = {isa = PBXFileReference; lastKnownFileType = sourcecode.swift; path = SimuliatorTests.swift; sourceTree = "<group>"; };
		8DD851D4281878EC00E0D2DD /* SimuliatorUITests.xctest */ = {isa = PBXFileReference; explicitFileType = wrapper.cfbundle; includeInIndex = 0; path = SimuliatorUITests.xctest; sourceTree = BUILT_PRODUCTS_DIR; };
		8DD851D8281878EC00E0D2DD /* SimuliatorUITests.swift */ = {isa = PBXFileReference; lastKnownFileType = sourcecode.swift; path = SimuliatorUITests.swift; sourceTree = "<group>"; };
		8DD851DA281878EC00E0D2DD /* SimuliatorUITestsLaunchTests.swift */ = {isa = PBXFileReference; lastKnownFileType = sourcecode.swift; path = SimuliatorUITestsLaunchTests.swift; sourceTree = "<group>"; };
/* End PBXFileReference section */

/* Begin PBXFrameworksBuildPhase section */
		8DD851B1281878E900E0D2DD /* Frameworks */ = {
			isa = PBXFrameworksBuildPhase;
			buildActionMask = 2147483647;
			files = (
			);
			runOnlyForDeploymentPostprocessing = 0;
		};
		8DD851C7281878EC00E0D2DD /* Frameworks */ = {
			isa = PBXFrameworksBuildPhase;
			buildActionMask = 2147483647;
			files = (
			);
			runOnlyForDeploymentPostprocessing = 0;
		};
		8DD851D1281878EC00E0D2DD /* Frameworks */ = {
			isa = PBXFrameworksBuildPhase;
			buildActionMask = 2147483647;
			files = (
			);
			runOnlyForDeploymentPostprocessing = 0;
		};
/* End PBXFrameworksBuildPhase section */

/* Begin PBXGroup section */
		8DD851AB281878E900E0D2DD = {
			isa = PBXGroup;
			children = (
				8DD851B6281878E900E0D2DD /* Simuliator */,
				8DD851CD281878EC00E0D2DD /* SimuliatorTests */,
				8DD851D7281878EC00E0D2DD /* SimuliatorUITests */,
				8DD851B5281878E900E0D2DD /* Products */,
			);
			sourceTree = "<group>";
		};
		8DD851B5281878E900E0D2DD /* Products */ = {
			isa = PBXGroup;
			children = (
				8DD851B4281878E900E0D2DD /* Simuliator.app */,
				8DD851CA281878EC00E0D2DD /* SimuliatorTests.xctest */,
				8DD851D4281878EC00E0D2DD /* SimuliatorUITests.xctest */,
			);
			name = Products;
			sourceTree = "<group>";
		};
		8DD851B6281878E900E0D2DD /* Simuliator */ = {
			isa = PBXGroup;
			children = (
				8DD851B7281878E900E0D2DD /* AppDelegate.swift */,
				8DD851B9281878E900E0D2DD /* SceneDelegate.swift */,
				8DD851BB281878E900E0D2DD /* ViewController.swift */,
				8DD851BD281878E900E0D2DD /* Main.storyboard */,
				8DD851C0281878EB00E0D2DD /* Assets.xcassets */,
				8DD851C2281878EB00E0D2DD /* LaunchScreen.storyboard */,
				8DD851C5281878EB00E0D2DD /* Info.plist */,
			);
			path = Simuliator;
			sourceTree = "<group>";
		};
		8DD851CD281878EC00E0D2DD /* SimuliatorTests */ = {
			isa = PBXGroup;
			children = (
				8DD851CE281878EC00E0D2DD /* SimuliatorTests.swift */,
			);
			path = SimuliatorTests;
			sourceTree = "<group>";
		};
		8DD851D7281878EC00E0D2DD /* SimuliatorUITests */ = {
			isa = PBXGroup;
			children = (
				8DD851D8281878EC00E0D2DD /* SimuliatorUITests.swift */,
				8DD851DA281878EC00E0D2DD /* SimuliatorUITestsLaunchTests.swift */,
			);
			path = SimuliatorUITests;
			sourceTree = "<group>";
		};
/* End PBXGroup section */

/* Begin PBXNativeTarget section */
		8DD851B3281878E900E0D2DD /* Simuliator */ = {
			isa = PBXNativeTarget;
			buildConfigurationList = 8DD851DE281878EC00E0D2DD /* Build configuration list for PBXNativeTarget "Simuliator" */;
			buildPhases = (
				8DD851B0281878E900E0D2DD /* Sources */,
				8DD851B1281878E900E0D2DD /* Frameworks */,
				8DD851B2281878E900E0D2DD /* Resources */,
			);
			buildRules = (
			);
			dependencies = (
			);
			name = Simuliator;
			productName = Simuliator;
			productReference = 8DD851B4281878E900E0D2DD /* Simuliator.app */;
			productType = "com.apple.product-type.application";
		};
		8DD851C9281878EC00E0D2DD /* SimuliatorTests */ = {
			isa = PBXNativeTarget;
			buildConfigurationList = 8DD851E1281878EC00E0D2DD /* Build configuration list for PBXNativeTarget "SimuliatorTests" */;
			buildPhases = (
				8DD851C6281878EC00E0D2DD /* Sources */,
				8DD851C7281878EC00E0D2DD /* Frameworks */,
				8DD851C8281878EC00E0D2DD /* Resources */,
			);
			buildRules = (
			);
			dependencies = (
				8DD851CC281878EC00E0D2DD /* PBXTargetDependency */,
			);
			name = SimuliatorTests;
			productName = SimuliatorTests;
			productReference = 8DD851CA281878EC00E0D2DD /* SimuliatorTests.xctest */;
			productType = "com.apple.product-type.bundle.unit-test";
		};
		8DD851D3281878EC00E0D2DD /* SimuliatorUITests */ = {
			isa = PBXNativeTarget;
			buildConfigurationList = 8DD851E4281878EC00E0D2DD /* Build configuration list for PBXNativeTarget "SimuliatorUITests" */;
			buildPhases = (
				8DD851D0281878EC00E0D2DD /* Sources */,
				8DD851D1281878EC00E0D2DD /* Frameworks */,
				8DD851D2281878EC00E0D2DD /* Resources */,
			);
			buildRules = (
			);
			dependencies = (
				8DD851D6281878EC00E0D2DD /* PBXTargetDependency */,
			);
			name = SimuliatorUITests;
			productName = SimuliatorUITests;
			productReference = 8DD851D4281878EC00E0D2DD /* SimuliatorUITests.xctest */;
			productType = "com.apple.product-type.bundle.ui-testing";
		};
/* End PBXNativeTarget section */

/* Begin PBXProject section */
		8DD851AC281878E900E0D2DD /* Project object */ = {
			isa = PBXProject;
			attributes = {
				BuildIndependentTargetsInParallel = 1;
				LastSwiftUpdateCheck = 1320;
				LastUpgradeCheck = 1320;
				TargetAttributes = {
					8DD851B3281878E900E0D2DD = {
						CreatedOnToolsVersion = 13.2.1;
					};
					8DD851C9281878EC00E0D2DD = {
						CreatedOnToolsVersion = 13.2.1;
						TestTargetID = 8DD851B3281878E900E0D2DD;
					};
					8DD851D3281878EC00E0D2DD = {
						CreatedOnToolsVersion = 13.2.1;
						TestTargetID = 8DD851B3281878E900E0D2DD;
					};
				};
			};
			buildConfigurationList = 8DD851AF281878E900E0D2DD /* Build configuration list for PBXProject "Simuliator" */;
			compatibilityVersion = "Xcode 13.0";
			developmentRegion = en;
			hasScannedForEncodings = 0;
			knownRegions = (
				en,
				Base,
			);
			mainGroup = 8DD851AB281878E900E0D2DD;
			productRefGroup = 8DD851B5281878E900E0D2DD /* Products */;
			projectDirPath = "";
			projectRoot = "";
			targets = (
				8DD851B3281878E900E0D2DD /* Simuliator */,
				8DD851C9281878EC00E0D2DD /* SimuliatorTests */,
				8DD851D3281878EC00E0D2DD /* SimuliatorUITests */,
			);
		};
/* End PBXProject section */

/* Begin PBXResourcesBuildPhase section */
		8DD851B2281878E900E0D2DD /* Resources */ = {
			isa = PBXResourcesBuildPhase;
			buildActionMask = 2147483647;
			files = (
				8DD851C4281878EB00E0D2DD /* LaunchScreen.storyboard in Resources */,
				8DD851C1281878EB00E0D2DD /* Assets.xcassets in Resources */,
				8DD851BF281878E900E0D2DD /* Main.storyboard in Resources */,
			);
			runOnlyForDeploymentPostprocessing = 0;
		};
		8DD851C8281878EC00E0D2DD /* Resources */ = {
			isa = PBXResourcesBuildPhase;
			buildActionMask = 2147483647;
			files = (
			);
			runOnlyForDeploymentPostprocessing = 0;
		};
		8DD851D2281878EC00E0D2DD /* Resources */ = {
			isa = PBXResourcesBuildPhase;
			buildActionMask = 2147483647;
			files = (
			);
			runOnlyForDeploymentPostprocessing = 0;
		};
/* End PBXResourcesBuildPhase section */

/* Begin PBXSourcesBuildPhase section */
		8DD851B0281878E900E0D2DD /* Sources */ = {
			isa = PBXSourcesBuildPhase;
			buildActionMask = 2147483647;
			files = (
				8DD851BC281878E900E0D2DD /* ViewController.swift in Sources */,
				8DD851B8281878E900E0D2DD /* AppDelegate.swift in Sources */,
				8DD851BA281878E900E0D2DD /* SceneDelegate.swift in Sources */,
			);
			runOnlyForDeploymentPostprocessing = 0;
		};
		8DD851C6281878EC00E0D2DD /* Sources */ = {
			isa = PBXSourcesBuildPhase;
			buildActionMask = 2147483647;
			files = (
				8DD851CF281878EC00E0D2DD /* SimuliatorTests.swift in Sources */,
			);
			runOnlyForDeploymentPostprocessing = 0;
		};
		8DD851D0281878EC00E0D2DD /* Sources */ = {
			isa = PBXSourcesBuildPhase;
			buildActionMask = 2147483647;
			files = (
				8DD851D9281878EC00E0D2DD /* SimuliatorUITests.swift in Sources */,
				8DD851DB281878EC00E0D2DD /* SimuliatorUITestsLaunchTests.swift in Sources */,
			);
			runOnlyForDeploymentPostprocessing = 0;
		};
/* End PBXSourcesBuildPhase section */

/* Begin PBXTargetDependency section */
		8DD851CC281878EC00E0D2DD /* PBXTargetDependency */ = {
			isa = PBXTargetDependency;
			target = 8DD851B3281878E900E0D2DD /* Simuliator */;
			targetProxy = 8DD851CB281878EC00E0D2DD /* PBXContainerItemProxy */;
		};
		8DD851D6281878EC00E0D2DD /* PBXTargetDependency */ = {
			isa = PBXTargetDependency;
			target = 8DD851B3281878E900E0D2DD /* Simuliator */;
			targetProxy = 8DD851D5281878EC00E0D2DD /* PBXContainerItemProxy */;
		};
/* End PBXTargetDependency section */

/* Begin PBXVariantGroup section */
		8DD851BD281878E900E0D2DD /* Main.storyboard */ = {
			isa = PBXVariantGroup;
			children = (
				8DD851BE281878E900E0D2DD /* Base */,
			);
			name = Main.storyboard;
			sourceTree = "<group>";
		};
		8DD851C2281878EB00E0D2DD /* LaunchScreen.storyboard */ = {
			isa = PBXVariantGroup;
			children = (
				8DD851C3281878EB00E0D2DD /* Base */,
			);
			name = LaunchScreen.storyboard;
			sourceTree = "<group>";
		};
/* End PBXVariantGroup section */

/* Begin XCBuildConfiguration section */
		8DD851DC281878EC00E0D2DD /* Debug */ = {
			isa = XCBuildConfiguration;
			buildSettings = {
				ALWAYS_SEARCH_USER_PATHS = NO;
				CLANG_ANALYZER_NONNULL = YES;
				CLANG_ANALYZER_NUMBER_OBJECT_CONVERSION = YES_AGGRESSIVE;
				CLANG_CXX_LANGUAGE_STANDARD = "gnu++17";
				CLANG_CXX_LIBRARY = "libc++";
				CLANG_ENABLE_MODULES = YES;
				CLANG_ENABLE_OBJC_ARC = YES;
				CLANG_ENABLE_OBJC_WEAK = YES;
				CLANG_WARN_BLOCK_CAPTURE_AUTORELEASING = YES;
				CLANG_WARN_BOOL_CONVERSION = YES;
				CLANG_WARN_COMMA = YES;
				CLANG_WARN_CONSTANT_CONVERSION = YES;
				CLANG_WARN_DEPRECATED_OBJC_IMPLEMENTATIONS = YES;
				CLANG_WARN_DIRECT_OBJC_ISA_USAGE = YES_ERROR;
				CLANG_WARN_DOCUMENTATION_COMMENTS = YES;
				CLANG_WARN_EMPTY_BODY = YES;
				CLANG_WARN_ENUM_CONVERSION = YES;
				CLANG_WARN_INFINITE_RECURSION = YES;
				CLANG_WARN_INT_CONVERSION = YES;
				CLANG_WARN_NON_LITERAL_NULL_CONVERSION = YES;
				CLANG_WARN_OBJC_IMPLICIT_RETAIN_SELF = YES;
				CLANG_WARN_OBJC_LITERAL_CONVERSION = YES;
				CLANG_WARN_OBJC_ROOT_CLASS = YES_ERROR;
				CLANG_WARN_QUOTED_INCLUDE_IN_FRAMEWORK_HEADER = YES;
				CLANG_WARN_RANGE_LOOP_ANALYSIS = YES;
				CLANG_WARN_STRICT_PROTOTYPES = YES;
				CLANG_WARN_SUSPICIOUS_MOVE = YES;
				CLANG_WARN_UNGUARDED_AVAILABILITY = YES_AGGRESSIVE;
				CLANG_WARN_UNREACHABLE_CODE = YES;
				CLANG_WARN__DUPLICATE_METHOD_MATCH = YES;
				COPY_PHASE_STRIP = NO;
				DEBUG_INFORMATION_FORMAT = dwarf;
				ENABLE_STRICT_OBJC_MSGSEND = YES;
				ENABLE_TESTABILITY = YES;
				GCC_C_LANGUAGE_STANDARD = gnu11;
				GCC_DYNAMIC_NO_PIC = NO;
				GCC_NO_COMMON_BLOCKS = YES;
				GCC_OPTIMIZATION_LEVEL = 0;
				GCC_PREPROCESSOR_DEFINITIONS = (
					"DEBUG=1",
					"$(inherited)",
				);
				GCC_WARN_64_TO_32_BIT_CONVERSION = YES;
				GCC_WARN_ABOUT_RETURN_TYPE = YES_ERROR;
				GCC_WARN_UNDECLARED_SELECTOR = YES;
				GCC_WARN_UNINITIALIZED_AUTOS = YES_AGGRESSIVE;
				GCC_WARN_UNUSED_FUNCTION = YES;
				GCC_WARN_UNUSED_VARIABLE = YES;
				IPHONEOS_DEPLOYMENT_TARGET = 15.2;
				MTL_ENABLE_DEBUG_INFO = INCLUDE_SOURCE;
				MTL_FAST_MATH = YES;
				ONLY_ACTIVE_ARCH = YES;
				SDKROOT = iphoneos;
				SWIFT_ACTIVE_COMPILATION_CONDITIONS = DEBUG;
				SWIFT_OPTIMIZATION_LEVEL = "-Onone";
			};
			name = Debug;
		};
		8DD851DD281878EC00E0D2DD /* Release */ = {
			isa = XCBuildConfiguration;
			buildSettings = {
				ALWAYS_SEARCH_USER_PATHS = NO;
				CLANG_ANALYZER_NONNULL = YES;
				CLANG_ANALYZER_NUMBER_OBJECT_CONVERSION = YES_AGGRESSIVE;
				CLANG_CXX_LANGUAGE_STANDARD = "gnu++17";
				CLANG_CXX_LIBRARY = "libc++";
				CLANG_ENABLE_MODULES = YES;
				CLANG_ENABLE_OBJC_ARC = YES;
				CLANG_ENABLE_OBJC_WEAK = YES;
				CLANG_WARN_BLOCK_CAPTURE_AUTORELEASING = YES;
				CLANG_WARN_BOOL_CONVERSION = YES;
				CLANG_WARN_COMMA = YES;
				CLANG_WARN_CONSTANT_CONVERSION = YES;
				CLANG_WARN_DEPRECATED_OBJC_IMPLEMENTATIONS = YES;
				CLANG_WARN_DIRECT_OBJC_ISA_USAGE = YES_ERROR;
				CLANG_WARN_DOCUMENTATION_COMMENTS = YES;
				CLANG_WARN_EMPTY_BODY = YES;
				CLANG_WARN_ENUM_CONVERSION = YES;
				CLANG_WARN_INFINITE_RECURSION = YES;
				CLANG_WARN_INT_CONVERSION = YES;
				CLANG_WARN_NON_LITERAL_NULL_CONVERSION = YES;
				CLANG_WARN_OBJC_IMPLICIT_RETAIN_SELF = YES;
				CLANG_WARN_OBJC_LITERAL_CONVERSION = YES;
				CLANG_WARN_OBJC_ROOT_CLASS = YES_ERROR;
				CLANG_WARN_QUOTED_INCLUDE_IN_FRAMEWORK_HEADER = YES;
				CLANG_WARN_RANGE_LOOP_ANALYSIS = YES;
				CLANG_WARN_STRICT_PROTOTYPES = YES;
				CLANG_WARN_SUSPICIOUS_MOVE = YES;
				CLANG_WARN_UNGUARDED_AVAILABILITY = YES_AGGRESSIVE;
				CLANG_WARN_UNREACHABLE_CODE = YES;
				CLANG_WARN__DUPLICATE_METHOD_MATCH = YES;
				COPY_PHASE_STRIP = NO;
				DEBUG_INFORMATION_FORMAT = "dwarf-with-dsym";
				ENABLE_NS_ASSERTIONS = NO;
				ENABLE_STRICT_OBJC_MSGSEND = YES;
				GCC_C_LANGUAGE_STANDARD = gnu11;
				GCC_NO_COMMON_BLOCKS = YES;
				GCC_WARN_64_TO_32_BIT_CONVERSION = YES;
				GCC_WARN_ABOUT_RETURN_TYPE = YES_ERROR;
				GCC_WARN_UNDECLARED_SELECTOR = YES;
				GCC_WARN_UNINITIALIZED_AUTOS = YES_AGGRESSIVE;
				GCC_WARN_UNUSED_FUNCTION = YES;
				GCC_WARN_UNUSED_VARIABLE = YES;
				IPHONEOS_DEPLOYMENT_TARGET = 15.2;
				MTL_ENABLE_DEBUG_INFO = NO;
				MTL_FAST_MATH = YES;
				SDKROOT = iphoneos;
				SWIFT_COMPILATION_MODE = wholemodule;
				SWIFT_OPTIMIZATION_LEVEL = "-O";
				VALIDATE_PRODUCT = YES;
			};
			name = Release;
		};
		8DD851DF281878EC00E0D2DD /* Debug */ = {
			isa = XCBuildConfiguration;
			buildSettings = {
				ASSETCATALOG_COMPILER_APPICON_NAME = AppIcon;
				ASSETCATALOG_COMPILER_GLOBAL_ACCENT_COLOR_NAME = AccentColor;
				CODE_SIGN_STYLE = Automatic;
				CURRENT_PROJECT_VERSION = 1;
				DEVELOPMENT_TEAM = 3VL3B8WDHX;
				GENERATE_INFOPLIST_FILE = YES;
				INFOPLIST_FILE = Simuliator/Info.plist;
				INFOPLIST_KEY_UIApplicationSupportsIndirectInputEvents = YES;
				INFOPLIST_KEY_UILaunchStoryboardName = LaunchScreen;
				INFOPLIST_KEY_UIMainStoryboardFile = Main;
				INFOPLIST_KEY_UISupportedInterfaceOrientations_iPad = "UIInterfaceOrientationPortrait UIInterfaceOrientationPortraitUpsideDown UIInterfaceOrientationLandscapeLeft UIInterfaceOrientationLandscapeRight";
				INFOPLIST_KEY_UISupportedInterfaceOrientations_iPhone = "UIInterfaceOrientationPortrait UIInterfaceOrientationLandscapeLeft UIInterfaceOrientationLandscapeRight";
				LD_RUNPATH_SEARCH_PATHS = (
					"$(inherited)",
					"@executable_path/Frameworks",
				);
				MARKETING_VERSION = 1.0;
				PRODUCT_BUNDLE_IDENTIFIER = Avenga.Simuliator;
				PRODUCT_NAME = "$(TARGET_NAME)";
				SWIFT_EMIT_LOC_STRINGS = YES;
				SWIFT_VERSION = 5.0;
				TARGETED_DEVICE_FAMILY = "1,2";
			};
			name = Debug;
		};
		8DD851E0281878EC00E0D2DD /* Release */ = {
			isa = XCBuildConfiguration;
			buildSettings = {
				ASSETCATALOG_COMPILER_APPICON_NAME = AppIcon;
				ASSETCATALOG_COMPILER_GLOBAL_ACCENT_COLOR_NAME = AccentColor;
				CODE_SIGN_STYLE = Automatic;
				CURRENT_PROJECT_VERSION = 1;
				DEVELOPMENT_TEAM = 3VL3B8WDHX;
				GENERATE_INFOPLIST_FILE = YES;
				INFOPLIST_FILE = Simuliator/Info.plist;
				INFOPLIST_KEY_UIApplicationSupportsIndirectInputEvents = YES;
				INFOPLIST_KEY_UILaunchStoryboardName = LaunchScreen;
				INFOPLIST_KEY_UIMainStoryboardFile = Main;
				INFOPLIST_KEY_UISupportedInterfaceOrientations_iPad = "UIInterfaceOrientationPortrait UIInterfaceOrientationPortraitUpsideDown UIInterfaceOrientationLandscapeLeft UIInterfaceOrientationLandscapeRight";
				INFOPLIST_KEY_UISupportedInterfaceOrientations_iPhone = "UIInterfaceOrientationPortrait UIInterfaceOrientationLandscapeLeft UIInterfaceOrientationLandscapeRight";
				LD_RUNPATH_SEARCH_PATHS = (
					"$(inherited)",
					"@executable_path/Frameworks",
				);
				MARKETING_VERSION = 1.0;
				PRODUCT_BUNDLE_IDENTIFIER = Avenga.Simuliator;
				PRODUCT_NAME = "$(TARGET_NAME)";
				SWIFT_EMIT_LOC_STRINGS = YES;
				SWIFT_VERSION = 5.0;
				TARGETED_DEVICE_FAMILY = "1,2";
			};
			name = Release;
		};
		8DD851E2281878EC00E0D2DD /* Debug */ = {
			isa = XCBuildConfiguration;
			buildSettings = {
				ALWAYS_EMBED_SWIFT_STANDARD_LIBRARIES = YES;
				BUNDLE_LOADER = "$(TEST_HOST)";
				CODE_SIGN_STYLE = Automatic;
				CURRENT_PROJECT_VERSION = 1;
				DEVELOPMENT_TEAM = 3VL3B8WDHX;
				GENERATE_INFOPLIST_FILE = YES;
				IPHONEOS_DEPLOYMENT_TARGET = 15.2;
				MARKETING_VERSION = 1.0;
				PRODUCT_BUNDLE_IDENTIFIER = Avenga.SimuliatorTests;
				PRODUCT_NAME = "$(TARGET_NAME)";
				SWIFT_EMIT_LOC_STRINGS = NO;
				SWIFT_VERSION = 5.0;
				TARGETED_DEVICE_FAMILY = "1,2";
				TEST_HOST = "$(BUILT_PRODUCTS_DIR)/Simuliator.app/Simuliator";
			};
			name = Debug;
		};
		8DD851E3281878EC00E0D2DD /* Release */ = {
			isa = XCBuildConfiguration;
			buildSettings = {
				ALWAYS_EMBED_SWIFT_STANDARD_LIBRARIES = YES;
				BUNDLE_LOADER = "$(TEST_HOST)";
				CODE_SIGN_STYLE = Automatic;
				CURRENT_PROJECT_VERSION = 1;
				DEVELOPMENT_TEAM = 3VL3B8WDHX;
				GENERATE_INFOPLIST_FILE = YES;
				IPHONEOS_DEPLOYMENT_TARGET = 15.2;
				MARKETING_VERSION = 1.0;
				PRODUCT_BUNDLE_IDENTIFIER = Avenga.SimuliatorTests;
				PRODUCT_NAME = "$(TARGET_NAME)";
				SWIFT_EMIT_LOC_STRINGS = NO;
				SWIFT_VERSION = 5.0;
				TARGETED_DEVICE_FAMILY = "1,2";
				TEST_HOST = "$(BUILT_PRODUCTS_DIR)/Simuliator.app/Simuliator";
			};
			name = Release;
		};
		8DD851E5281878EC00E0D2DD /* Debug */ = {
			isa = XCBuildConfiguration;
			buildSettings = {
				ALWAYS_EMBED_SWIFT_STANDARD_LIBRARIES = YES;
				CODE_SIGN_STYLE = Automatic;
				CURRENT_PROJECT_VERSION = 1;
				DEVELOPMENT_TEAM = 3VL3B8WDHX;
				GENERATE_INFOPLIST_FILE = YES;
				MARKETING_VERSION = 1.0;
				PRODUCT_BUNDLE_IDENTIFIER = Avenga.SimuliatorUITests;
				PRODUCT_NAME = "$(TARGET_NAME)";
				SWIFT_EMIT_LOC_STRINGS = NO;
				SWIFT_VERSION = 5.0;
				TARGETED_DEVICE_FAMILY = "1,2";
				TEST_TARGET_NAME = Simuliator;
			};
			name = Debug;
		};
		8DD851E6281878EC00E0D2DD /* Release */ = {
			isa = XCBuildConfiguration;
			buildSettings = {
				ALWAYS_EMBED_SWIFT_STANDARD_LIBRARIES = YES;
				CODE_SIGN_STYLE = Automatic;
				CURRENT_PROJECT_VERSION = 1;
				DEVELOPMENT_TEAM = 3VL3B8WDHX;
				GENERATE_INFOPLIST_FILE = YES;
				MARKETING_VERSION = 1.0;
				PRODUCT_BUNDLE_IDENTIFIER = Avenga.SimuliatorUITests;
				PRODUCT_NAME = "$(TARGET_NAME)";
				SWIFT_EMIT_LOC_STRINGS = NO;
				SWIFT_VERSION = 5.0;
				TARGETED_DEVICE_FAMILY = "1,2";
				TEST_TARGET_NAME = Simuliator;
			};
			name = Release;
		};
/* End XCBuildConfiguration section */

/* Begin XCConfigurationList section */
		8DD851AF281878E900E0D2DD /* Build configuration list for PBXProject "Simuliator" */ = {
			isa = XCConfigurationList;
			buildConfigurations = (
				8DD851DC281878EC00E0D2DD /* Debug */,
				8DD851DD281878EC00E0D2DD /* Release */,
			);
			defaultConfigurationIsVisible = 0;
			defaultConfigurationName = Release;
		};
		8DD851DE281878EC00E0D2DD /* Build configuration list for PBXNativeTarget "Simuliator" */ = {
			isa = XCConfigurationList;
			buildConfigurations = (
				8DD851DF281878EC00E0D2DD /* Debug */,
				8DD851E0281878EC00E0D2DD /* Release */,
			);
			defaultConfigurationIsVisible = 0;
			defaultConfigurationName = Release;
		};
		8DD851E1281878EC00E0D2DD /* Build configuration list for PBXNativeTarget "SimuliatorTests" */ = {
			isa = XCConfigurationList;
			buildConfigurations = (
				8DD851E2281878EC00E0D2DD /* Debug */,
				8DD851E3281878EC00E0D2DD /* Release */,
			);
			defaultConfigurationIsVisible = 0;
			defaultConfigurationName = Release;
		};
		8DD851E4281878EC00E0D2DD /* Build configuration list for PBXNativeTarget "SimuliatorUITests" */ = {
			isa = XCConfigurationList;
			buildConfigurations = (
				8DD851E5281878EC00E0D2DD /* Debug */,
				8DD851E6281878EC00E0D2DD /* Release */,
			);
			defaultConfigurationIsVisible = 0;
			defaultConfigurationName = Release;
		};
/* End XCConfigurationList section */
	};
	rootObject = 8DD851AC281878E900E0D2DD /* Project object */;
}
